
Microsoft Visual Studio Solution File, Format Version 12.00
# Visual Studio Version 17
VisualStudioVersion = 17.9.34622.214
MinimumVisualStudioVersion = 10.0.40219.1
Project("{888888A0-9F3D-457C-B088-3A5042F75D52}") = "ResumeExtractor", "ResumeExtractor.pyproj", "{F29D3C3C-4EB3-4D30-9D93-64DE98D596F8}"
EndProject
Global
	GlobalSection(SolutionConfigurationPlatforms) = preSolution
		Debug|Any CPU = Debug|Any CPU
		Release|Any CPU = Release|Any CPU
	EndGlobalSection
	GlobalSection(ProjectConfigurationPlatforms) = postSolution
		{F29D3C3C-4EB3-4D30-9D93-64DE98D596F8}.Debug|Any CPU.ActiveCfg = Debug|Any CPU
		{F29D3C3C-4EB3-4D30-9D93-64DE98D596F8}.Release|Any CPU.ActiveCfg = Release|Any CPU
	EndGlobalSection
	GlobalSection(SolutionProperties) = preSolution
		HideSolutionNode = FALSE
	EndGlobalSection
	GlobalSection(ExtensibilityGlobals) = postSolution
		SolutionGuid = {B40FC851-7B24-4658-BF33-AF5D7BA8B70A}
	EndGlobalSection
EndGlobal
